
Microsoft Visual Studio Solution File, Format Version 12.00
# Visual Studio Version 17
VisualStudioVersion = 17.6.33723.286
MinimumVisualStudioVersion = 10.0.40219.1
Project("{FAE04EC0-301F-11D3-BF4B-00C04F79EFBC}") = "FormAPP", "FormAPP\FormAPP.csproj", "{D4D061AD-BA81-4FA1-9B99-F7E1926207F6}"
EndProject
Global
	GlobalSection(SolutionConfigurationPlatforms) = preSolution
		Debug|Any CPU = Debug|Any CPU
		Release|Any CPU = Release|Any CPU
	EndGlobalSection
	GlobalSection(ProjectConfigurationPlatforms) = postSolution
		{D4D061AD-BA81-4FA1-9B99-F7E1926207F6}.Debug|Any CPU.ActiveCfg = Debug|Any CPU
		{D4D061AD-BA81-4FA1-9B99-F7E1926207F6}.Debug|Any CPU.Build.0 = Debug|Any CPU
		{D4D061AD-BA81-4FA1-9B99-F7E1926207F6}.Release|Any CPU.ActiveCfg = Release|Any CPU
		{D4D061AD-BA81-4FA1-9B99-F7E1926207F6}.Release|Any CPU.Build.0 = Release|Any CPU
	EndGlobalSection
	GlobalSection(SolutionProperties) = preSolution
		HideSolutionNode = FALSE
	EndGlobalSection
	GlobalSection(ExtensibilityGlobals) = postSolution
		SolutionGuid = {2F9BF675-7FE3-4A21-964E-190C0F0038F5}
	EndGlobalSection
EndGlobal
